
Microsoft Visual Studio Solution File, Format Version 12.00
# Visual Studio 15
VisualStudioVersion = 15.0.28307.960
MinimumVisualStudioVersion = 10.0.40219.1
Project("{FAE04EC0-301F-11D3-BF4B-00C04F79EFBC}") = "Test_Wpf", "WpfApp1\Test_Wpf.csproj", "{87F89163-34F3-45FF-9066-2BAEAB8E7EAF}"
EndProject
Global
	GlobalSection(SolutionConfigurationPlatforms) = preSolution
		Debug|Any CPU = Debug|Any CPU
		Release|Any CPU = Release|Any CPU
	EndGlobalSection
	GlobalSection(ProjectConfigurationPlatforms) = postSolution
		{87F89163-34F3-45FF-9066-2BAEAB8E7EAF}.Debug|Any CPU.ActiveCfg = Debug|Any CPU
		{87F89163-34F3-45FF-9066-2BAEAB8E7EAF}.Debug|Any CPU.Build.0 = Debug|Any CPU
		{87F89163-34F3-45FF-9066-2BAEAB8E7EAF}.Release|Any CPU.ActiveCfg = Release|Any CPU
		{87F89163-34F3-45FF-9066-2BAEAB8E7EAF}.Release|Any CPU.Build.0 = Release|Any CPU
	EndGlobalSection
	GlobalSection(SolutionProperties) = preSolution
		HideSolutionNode = FALSE
	EndGlobalSection
	GlobalSection(ExtensibilityGlobals) = postSolution
		SolutionGuid = {E028855F-8620-438E-93DD-3AD0E58F0385}
	EndGlobalSection
EndGlobal
